<Solution>
  <Configurations>
    <Platform Name="x64" />
    <Platform Name="x86" />
  </Configurations>
  <Project Path="day1/day1.vcxproj" Id="517ee968-729b-4585-9be3-ccd496366167">
    <BuildDependency Project="shared/shared.vcxproj" />
  </Project>
  <Project Path="day10/day10.vcxproj" Id="f60b859b-8bc1-4bde-a8f6-c11d73992aa0" />
  <Project Path="day11/day11.vcxproj" Id="bbd60c61-2f01-4983-8cbf-0c8e7798498b" />
  <Project Path="day2/day2.vcxproj" Id="a13f04dd-676a-4f1c-b13e-6ec63f0e1297" />
  <Project Path="day3/day3.vcxproj" Id="704b3bd7-536b-4d1f-8ff0-6dc9d73fe4b9" />
  <Project Path="day4/day4.vcxproj" Id="250d92d8-2e87-41ac-bc0c-32a7677ec460" />
  <Project Path="day5/day5.vcxproj" Id="7ad68f0b-db17-47ed-ab0a-f4b2a80f12ca" />
  <Project Path="day6/day6.vcxproj" Id="46dfa6d0-a651-45d5-96c5-067121f0a72f" />
  <Project Path="day7/day7.vcxproj" Id="bebe0739-8c05-450d-971a-1600c23e2c48" />
  <Project Path="day8/day8.vcxproj" Id="27bc27b3-d4a3-4ab5-aa68-e15d81d68771" />
  <Project Path="day9/day9.vcxproj" Id="c5b92d87-19de-4d20-996d-24695529b145" />
  <Project Path="shared/shared.vcxproj" Id="8346510d-4e50-4c9e-887c-b9c69183e78f" />
</Solution>
